// !$*UTF8*$!
{
	archiveVersion = 1;
	classes = {
	};
	objectVersion = 55;
	objects = {

/* Begin PBXBuildFile section */
		0E0B40DD2974EBC700A2E7A3 /* Constants.swift in Sources */ = {isa = PBXBuildFile; fileRef = 0E0B40DC2974EBC700A2E7A3 /* Constants.swift */; };
		0E0B40DF2974EEA800A2E7A3 /* UserBusiness.swift in Sources */ = {isa = PBXBuildFile; fileRef = 0E0B40DE2974EEA800A2E7A3 /* UserBusiness.swift */; };
		0E0B40E12978BBA700A2E7A3 /* UserManager.swift in Sources */ = {isa = PBXBuildFile; fileRef = 0E0B40E02978BBA700A2E7A3 /* UserManager.swift */; };
		0E0B41692991A87A00A2E7A3 /* Coordinator.swift in Sources */ = {isa = PBXBuildFile; fileRef = 0E0B41682991A87A00A2E7A3 /* Coordinator.swift */; };
		0E0B416B2991A8AA00A2E7A3 /* LoginCoordinator.swift in Sources */ = {isa = PBXBuildFile; fileRef = 0E0B416A2991A8AA00A2E7A3 /* LoginCoordinator.swift */; };
		0E0B416E2991A92700A2E7A3 /* LoginViewController.swift in Sources */ = {isa = PBXBuildFile; fileRef = 0E0B416D2991A92700A2E7A3 /* LoginViewController.swift */; };
		0E0B41702991AB6300A2E7A3 /* LoginView.swift in Sources */ = {isa = PBXBuildFile; fileRef = 0E0B416F2991AB6300A2E7A3 /* LoginView.swift */; };
		6B8325E1296E35CD007D60ED /* AppDelegate.swift in Sources */ = {isa = PBXBuildFile; fileRef = 6B8325E0296E35CD007D60ED /* AppDelegate.swift */; };
		6B8325E3296E35CD007D60ED /* SceneDelegate.swift in Sources */ = {isa = PBXBuildFile; fileRef = 6B8325E2296E35CD007D60ED /* SceneDelegate.swift */; };
		6B8325E5296E35CD007D60ED /* ViewController.swift in Sources */ = {isa = PBXBuildFile; fileRef = 6B8325E4296E35CD007D60ED /* ViewController.swift */; };
		6B8325EB296E35CD007D60ED /* Films.xcdatamodeld in Sources */ = {isa = PBXBuildFile; fileRef = 6B8325E9296E35CD007D60ED /* Films.xcdatamodeld */; };
		6B8325ED296E35D0007D60ED /* Assets.xcassets in Resources */ = {isa = PBXBuildFile; fileRef = 6B8325EC296E35D0007D60ED /* Assets.xcassets */; };
		6B8325F0296E35D0007D60ED /* LaunchScreen.storyboard in Resources */ = {isa = PBXBuildFile; fileRef = 6B8325EE296E35D0007D60ED /* LaunchScreen.storyboard */; };
		6B8325FB296E35D0007D60ED /* FilmsTests.swift in Sources */ = {isa = PBXBuildFile; fileRef = 6B8325FA296E35D0007D60ED /* FilmsTests.swift */; };
		6B832605296E35D0007D60ED /* FilmsUITests.swift in Sources */ = {isa = PBXBuildFile; fileRef = 6B832604296E35D0007D60ED /* FilmsUITests.swift */; };
		6B832607296E35D0007D60ED /* FilmsUITestsLaunchTests.swift in Sources */ = {isa = PBXBuildFile; fileRef = 6B832606296E35D0007D60ED /* FilmsUITestsLaunchTests.swift */; };
		6B832614296E366E007D60ED /* GoogleService-Info.plist in Resources */ = {isa = PBXBuildFile; fileRef = 6B832613296E366E007D60ED /* GoogleService-Info.plist */; };
		6B83261B296E3A50007D60ED /* UserProvider.swift in Sources */ = {isa = PBXBuildFile; fileRef = 6B83261A296E3A50007D60ED /* UserProvider.swift */; };
		6B83261E296E3AD4007D60ED /* UserModel.swift in Sources */ = {isa = PBXBuildFile; fileRef = 6B83261D296E3AD4007D60ED /* UserModel.swift */; };
		AA9E740E2C6DDFB33FAAC42F /* Pods_FilmsTests.framework in Frameworks */ = {isa = PBXBuildFile; fileRef = 96ADF0D7D62053E45B04F254 /* Pods_FilmsTests.framework */; };
		ABCE163FF27A9B30874E8CEF /* Pods_Films_FilmsUITests.framework in Frameworks */ = {isa = PBXBuildFile; fileRef = 9920248A7A72C0D2FB52B6EA /* Pods_Films_FilmsUITests.framework */; };
		ED174D594568D93A380CF6CD /* Pods_Films.framework in Frameworks */ = {isa = PBXBuildFile; fileRef = 88186F81770FC42AF53662B4 /* Pods_Films.framework */; };
/* End PBXBuildFile section */

/* Begin PBXContainerItemProxy section */
		6B8325F7296E35D0007D60ED /* PBXContainerItemProxy */ = {
			isa = PBXContainerItemProxy;
			containerPortal = 6B8325D5296E35CD007D60ED /* Project object */;
			proxyType = 1;
			remoteGlobalIDString = 6B8325DC296E35CD007D60ED;
			remoteInfo = Films;
		};
		6B832601296E35D0007D60ED /* PBXContainerItemProxy */ = {
			isa = PBXContainerItemProxy;
			containerPortal = 6B8325D5296E35CD007D60ED /* Project object */;
			proxyType = 1;
			remoteGlobalIDString = 6B8325DC296E35CD007D60ED;
			remoteInfo = Films;
		};
/* End PBXContainerItemProxy section */

/* Begin PBXFileReference section */
		0E0B40DC2974EBC700A2E7A3 /* Constants.swift */ = {isa = PBXFileReference; lastKnownFileType = sourcecode.swift; path = Constants.swift; sourceTree = "<group>"; };
		0E0B40DE2974EEA800A2E7A3 /* UserBusiness.swift */ = {isa = PBXFileReference; lastKnownFileType = sourcecode.swift; path = UserBusiness.swift; sourceTree = "<group>"; };
		0E0B40E02978BBA700A2E7A3 /* UserManager.swift */ = {isa = PBXFileReference; lastKnownFileType = sourcecode.swift; path = UserManager.swift; sourceTree = "<group>"; };
		0E0B41682991A87A00A2E7A3 /* Coordinator.swift */ = {isa = PBXFileReference; lastKnownFileType = sourcecode.swift; path = Coordinator.swift; sourceTree = "<group>"; };
		0E0B416A2991A8AA00A2E7A3 /* LoginCoordinator.swift */ = {isa = PBXFileReference; lastKnownFileType = sourcecode.swift; path = LoginCoordinator.swift; sourceTree = "<group>"; };
		0E0B416D2991A92700A2E7A3 /* LoginViewController.swift */ = {isa = PBXFileReference; lastKnownFileType = sourcecode.swift; path = LoginViewController.swift; sourceTree = "<group>"; };
		0E0B416F2991AB6300A2E7A3 /* LoginView.swift */ = {isa = PBXFileReference; lastKnownFileType = sourcecode.swift; path = LoginView.swift; sourceTree = "<group>"; };
		2CDFF5A3A211396DD135CAB9 /* Pods-FilmsTests.release.xcconfig */ = {isa = PBXFileReference; includeInIndex = 1; lastKnownFileType = text.xcconfig; name = "Pods-FilmsTests.release.xcconfig"; path = "Target Support Files/Pods-FilmsTests/Pods-FilmsTests.release.xcconfig"; sourceTree = "<group>"; };
		52E2225E1C173CB8B1DCC8DB /* Pods-Films-FilmsUITests.debug.xcconfig */ = {isa = PBXFileReference; includeInIndex = 1; lastKnownFileType = text.xcconfig; name = "Pods-Films-FilmsUITests.debug.xcconfig"; path = "Target Support Files/Pods-Films-FilmsUITests/Pods-Films-FilmsUITests.debug.xcconfig"; sourceTree = "<group>"; };
		6083639DC6E133CD7B3473AB /* Pods-Films-FilmsUITests.release.xcconfig */ = {isa = PBXFileReference; includeInIndex = 1; lastKnownFileType = text.xcconfig; name = "Pods-Films-FilmsUITests.release.xcconfig"; path = "Target Support Files/Pods-Films-FilmsUITests/Pods-Films-FilmsUITests.release.xcconfig"; sourceTree = "<group>"; };
		6A15CE07FF46C830947262CF /* Pods-FilmsTests.debug.xcconfig */ = {isa = PBXFileReference; includeInIndex = 1; lastKnownFileType = text.xcconfig; name = "Pods-FilmsTests.debug.xcconfig"; path = "Target Support Files/Pods-FilmsTests/Pods-FilmsTests.debug.xcconfig"; sourceTree = "<group>"; };
		6B8325DD296E35CD007D60ED /* Films.app */ = {isa = PBXFileReference; explicitFileType = wrapper.application; includeInIndex = 0; path = Films.app; sourceTree = BUILT_PRODUCTS_DIR; };
		6B8325E0296E35CD007D60ED /* AppDelegate.swift */ = {isa = PBXFileReference; lastKnownFileType = sourcecode.swift; path = AppDelegate.swift; sourceTree = "<group>"; };
		6B8325E2296E35CD007D60ED /* SceneDelegate.swift */ = {isa = PBXFileReference; lastKnownFileType = sourcecode.swift; path = SceneDelegate.swift; sourceTree = "<group>"; };
		6B8325E4296E35CD007D60ED /* ViewController.swift */ = {isa = PBXFileReference; lastKnownFileType = sourcecode.swift; path = ViewController.swift; sourceTree = "<group>"; };
		6B8325EA296E35CD007D60ED /* Films.xcdatamodel */ = {isa = PBXFileReference; lastKnownFileType = wrapper.xcdatamodel; path = Films.xcdatamodel; sourceTree = "<group>"; };
		6B8325EC296E35D0007D60ED /* Assets.xcassets */ = {isa = PBXFileReference; lastKnownFileType = folder.assetcatalog; path = Assets.xcassets; sourceTree = "<group>"; };
		6B8325EF296E35D0007D60ED /* Base */ = {isa = PBXFileReference; lastKnownFileType = file.storyboard; name = Base; path = Base.lproj/LaunchScreen.storyboard; sourceTree = "<group>"; };
		6B8325F1296E35D0007D60ED /* Info.plist */ = {isa = PBXFileReference; lastKnownFileType = text.plist.xml; path = Info.plist; sourceTree = "<group>"; };
		6B8325F6296E35D0007D60ED /* FilmsTests.xctest */ = {isa = PBXFileReference; explicitFileType = wrapper.cfbundle; includeInIndex = 0; path = FilmsTests.xctest; sourceTree = BUILT_PRODUCTS_DIR; };
		6B8325FA296E35D0007D60ED /* FilmsTests.swift */ = {isa = PBXFileReference; lastKnownFileType = sourcecode.swift; path = FilmsTests.swift; sourceTree = "<group>"; };
		6B832600296E35D0007D60ED /* FilmsUITests.xctest */ = {isa = PBXFileReference; explicitFileType = wrapper.cfbundle; includeInIndex = 0; path = FilmsUITests.xctest; sourceTree = BUILT_PRODUCTS_DIR; };
		6B832604296E35D0007D60ED /* FilmsUITests.swift */ = {isa = PBXFileReference; lastKnownFileType = sourcecode.swift; path = FilmsUITests.swift; sourceTree = "<group>"; };
		6B832606296E35D0007D60ED /* FilmsUITestsLaunchTests.swift */ = {isa = PBXFileReference; lastKnownFileType = sourcecode.swift; path = FilmsUITestsLaunchTests.swift; sourceTree = "<group>"; };
		6B832613296E366E007D60ED /* GoogleService-Info.plist */ = {isa = PBXFileReference; fileEncoding = 4; lastKnownFileType = text.plist.xml; path = "GoogleService-Info.plist"; sourceTree = "<group>"; };
		6B83261A296E3A50007D60ED /* UserProvider.swift */ = {isa = PBXFileReference; lastKnownFileType = sourcecode.swift; path = UserProvider.swift; sourceTree = "<group>"; };
		6B83261D296E3AD4007D60ED /* UserModel.swift */ = {isa = PBXFileReference; lastKnownFileType = sourcecode.swift; path = UserModel.swift; sourceTree = "<group>"; };
		6FA02197214B9507B5A3CBD4 /* Pods-Films.release.xcconfig */ = {isa = PBXFileReference; includeInIndex = 1; lastKnownFileType = text.xcconfig; name = "Pods-Films.release.xcconfig"; path = "Target Support Files/Pods-Films/Pods-Films.release.xcconfig"; sourceTree = "<group>"; };
		88186F81770FC42AF53662B4 /* Pods_Films.framework */ = {isa = PBXFileReference; explicitFileType = wrapper.framework; includeInIndex = 0; path = Pods_Films.framework; sourceTree = BUILT_PRODUCTS_DIR; };
		96ADF0D7D62053E45B04F254 /* Pods_FilmsTests.framework */ = {isa = PBXFileReference; explicitFileType = wrapper.framework; includeInIndex = 0; path = Pods_FilmsTests.framework; sourceTree = BUILT_PRODUCTS_DIR; };
		9920248A7A72C0D2FB52B6EA /* Pods_Films_FilmsUITests.framework */ = {isa = PBXFileReference; explicitFileType = wrapper.framework; includeInIndex = 0; path = Pods_Films_FilmsUITests.framework; sourceTree = BUILT_PRODUCTS_DIR; };
		EFA475414533EF6DA161B87E /* Pods-Films.debug.xcconfig */ = {isa = PBXFileReference; includeInIndex = 1; lastKnownFileType = text.xcconfig; name = "Pods-Films.debug.xcconfig"; path = "Target Support Files/Pods-Films/Pods-Films.debug.xcconfig"; sourceTree = "<group>"; };
/* End PBXFileReference section */

/* Begin PBXFrameworksBuildPhase section */
		6B8325DA296E35CD007D60ED /* Frameworks */ = {
			isa = PBXFrameworksBuildPhase;
			buildActionMask = 2147483647;
			files = (
				ED174D594568D93A380CF6CD /* Pods_Films.framework in Frameworks */,
			);
			runOnlyForDeploymentPostprocessing = 0;
		};
		6B8325F3296E35D0007D60ED /* Frameworks */ = {
			isa = PBXFrameworksBuildPhase;
			buildActionMask = 2147483647;
			files = (
				AA9E740E2C6DDFB33FAAC42F /* Pods_FilmsTests.framework in Frameworks */,
			);
			runOnlyForDeploymentPostprocessing = 0;
		};
		6B8325FD296E35D0007D60ED /* Frameworks */ = {
			isa = PBXFrameworksBuildPhase;
			buildActionMask = 2147483647;
			files = (
				ABCE163FF27A9B30874E8CEF /* Pods_Films_FilmsUITests.framework in Frameworks */,
			);
			runOnlyForDeploymentPostprocessing = 0;
		};
/* End PBXFrameworksBuildPhase section */

/* Begin PBXGroup section */
		0E0B40DB2974EBAA00A2E7A3 /* Infrastructure */ = {
			isa = PBXGroup;
			children = (
				0E0B40DC2974EBC700A2E7A3 /* Constants.swift */,
			);
			path = Infrastructure;
			sourceTree = "<group>";
		};
		0E0B41642991A75D00A2E7A3 /* TabBar */ = {
			isa = PBXGroup;
			children = (
			);
			path = TabBar;
			sourceTree = "<group>";
		};
		0E0B41652991A82800A2E7A3 /* Resource */ = {
			isa = PBXGroup;
			children = (
				0E0B41672991A86200A2E7A3 /* Controller */,
				6B832615296E3870007D60ED /* API */,
				0E0B40DB2974EBAA00A2E7A3 /* Infrastructure */,
				0E0B41642991A75D00A2E7A3 /* TabBar */,
				0E0B41662991A83800A2E7A3 /* Coordinator */,
			);
			path = Resource;
			sourceTree = "<group>";
		};
		0E0B41662991A83800A2E7A3 /* Coordinator */ = {
			isa = PBXGroup;
			children = (
				0E0B41682991A87A00A2E7A3 /* Coordinator.swift */,
				0E0B416A2991A8AA00A2E7A3 /* LoginCoordinator.swift */,
			);
			path = Coordinator;
			sourceTree = "<group>";
		};
		0E0B41672991A86200A2E7A3 /* Controller */ = {
			isa = PBXGroup;
			children = (
				0E0B416C2991A91900A2E7A3 /* Login */,
			);
			path = Controller;
			sourceTree = "<group>";
		};
		0E0B416C2991A91900A2E7A3 /* Login */ = {
			isa = PBXGroup;
			children = (
				0E0B416D2991A92700A2E7A3 /* LoginViewController.swift */,
				0E0B416F2991AB6300A2E7A3 /* LoginView.swift */,
			);
			path = Login;
			sourceTree = "<group>";
		};
		6B8325D4296E35CD007D60ED = {
			isa = PBXGroup;
			children = (
				6B8325DF296E35CD007D60ED /* Films */,
				6B8325F9296E35D0007D60ED /* FilmsTests */,
				6B832603296E35D0007D60ED /* FilmsUITests */,
				6B8325DE296E35CD007D60ED /* Products */,
				D09194AAEC66BC89F8B55070 /* Pods */,
				D982E93FB37EB7CCD6FF3835 /* Frameworks */,
			);
			sourceTree = "<group>";
		};
		6B8325DE296E35CD007D60ED /* Products */ = {
			isa = PBXGroup;
			children = (
				6B8325DD296E35CD007D60ED /* Films.app */,
				6B8325F6296E35D0007D60ED /* FilmsTests.xctest */,
				6B832600296E35D0007D60ED /* FilmsUITests.xctest */,
			);
			name = Products;
			sourceTree = "<group>";
		};
		6B8325DF296E35CD007D60ED /* Films */ = {
			isa = PBXGroup;
			children = (
				0E0B41652991A82800A2E7A3 /* Resource */,
				6B832619296E38C2007D60ED /* Source */,
				6B8325F1296E35D0007D60ED /* Info.plist */,
				6B832613296E366E007D60ED /* GoogleService-Info.plist */,
				6B8325E9296E35CD007D60ED /* Films.xcdatamodeld */,
			);
			path = Films;
			sourceTree = "<group>";
		};
		6B8325F9296E35D0007D60ED /* FilmsTests */ = {
			isa = PBXGroup;
			children = (
				6B8325FA296E35D0007D60ED /* FilmsTests.swift */,
			);
			path = FilmsTests;
			sourceTree = "<group>";
		};
		6B832603296E35D0007D60ED /* FilmsUITests */ = {
			isa = PBXGroup;
			children = (
				6B832604296E35D0007D60ED /* FilmsUITests.swift */,
				6B832606296E35D0007D60ED /* FilmsUITestsLaunchTests.swift */,
			);
			path = FilmsUITests;
			sourceTree = "<group>";
		};
		6B832615296E3870007D60ED /* API */ = {
			isa = PBXGroup;
			children = (
				6B83261C296E3AC5007D60ED /* MODEL */,
				6B832618296E38AA007D60ED /* Provider */,
				6B832617296E38A1007D60ED /* Manager */,
				6B832616296E3877007D60ED /* Business */,
			);
			path = API;
			sourceTree = "<group>";
		};
		6B832616296E3877007D60ED /* Business */ = {
			isa = PBXGroup;
			children = (
				0E0B40DE2974EEA800A2E7A3 /* UserBusiness.swift */,
			);
			path = Business;
			sourceTree = "<group>";
		};
		6B832617296E38A1007D60ED /* Manager */ = {
			isa = PBXGroup;
			children = (
				0E0B40E02978BBA700A2E7A3 /* UserManager.swift */,
			);
			path = Manager;
			sourceTree = "<group>";
		};
		6B832618296E38AA007D60ED /* Provider */ = {
			isa = PBXGroup;
			children = (
				6B83261A296E3A50007D60ED /* UserProvider.swift */,
			);
			path = Provider;
			sourceTree = "<group>";
		};
		6B832619296E38C2007D60ED /* Source */ = {
			isa = PBXGroup;
			children = (
				6B8325E0296E35CD007D60ED /* AppDelegate.swift */,
				6B8325E2296E35CD007D60ED /* SceneDelegate.swift */,
				6B8325E4296E35CD007D60ED /* ViewController.swift */,
				6B8325EC296E35D0007D60ED /* Assets.xcassets */,
				6B8325EE296E35D0007D60ED /* LaunchScreen.storyboard */,
			);
			path = Source;
			sourceTree = "<group>";
		};
		6B83261C296E3AC5007D60ED /* MODEL */ = {
			isa = PBXGroup;
			children = (
				6B83261D296E3AD4007D60ED /* UserModel.swift */,
			);
			path = MODEL;
			sourceTree = "<group>";
		};
		D09194AAEC66BC89F8B55070 /* Pods */ = {
			isa = PBXGroup;
			children = (
				EFA475414533EF6DA161B87E /* Pods-Films.debug.xcconfig */,
				6FA02197214B9507B5A3CBD4 /* Pods-Films.release.xcconfig */,
				52E2225E1C173CB8B1DCC8DB /* Pods-Films-FilmsUITests.debug.xcconfig */,
				6083639DC6E133CD7B3473AB /* Pods-Films-FilmsUITests.release.xcconfig */,
				6A15CE07FF46C830947262CF /* Pods-FilmsTests.debug.xcconfig */,
				2CDFF5A3A211396DD135CAB9 /* Pods-FilmsTests.release.xcconfig */,
			);
			path = Pods;
			sourceTree = "<group>";
		};
		D982E93FB37EB7CCD6FF3835 /* Frameworks */ = {
			isa = PBXGroup;
			children = (
				88186F81770FC42AF53662B4 /* Pods_Films.framework */,
				9920248A7A72C0D2FB52B6EA /* Pods_Films_FilmsUITests.framework */,
				96ADF0D7D62053E45B04F254 /* Pods_FilmsTests.framework */,
			);
			name = Frameworks;
			sourceTree = "<group>";
		};
/* End PBXGroup section */

/* Begin PBXNativeTarget section */
		6B8325DC296E35CD007D60ED /* Films */ = {
			isa = PBXNativeTarget;
			buildConfigurationList = 6B83260A296E35D0007D60ED /* Build configuration list for PBXNativeTarget "Films" */;
			buildPhases = (
				9421F8B27C31BE1427CBF749 /* [CP] Check Pods Manifest.lock */,
				6B8325D9296E35CD007D60ED /* Sources */,
				6B8325DA296E35CD007D60ED /* Frameworks */,
				6B8325DB296E35CD007D60ED /* Resources */,
				C43EF0D69AC49572C06D7D44 /* [CP] Embed Pods Frameworks */,
			);
			buildRules = (
			);
			dependencies = (
			);
			name = Films;
			productName = Films;
			productReference = 6B8325DD296E35CD007D60ED /* Films.app */;
			productType = "com.apple.product-type.application";
		};
		6B8325F5296E35D0007D60ED /* FilmsTests */ = {
			isa = PBXNativeTarget;
			buildConfigurationList = 6B83260D296E35D0007D60ED /* Build configuration list for PBXNativeTarget "FilmsTests" */;
			buildPhases = (
				EF68988D966D89E0BF333190 /* [CP] Check Pods Manifest.lock */,
				6B8325F2296E35D0007D60ED /* Sources */,
				6B8325F3296E35D0007D60ED /* Frameworks */,
				6B8325F4296E35D0007D60ED /* Resources */,
			);
			buildRules = (
			);
			dependencies = (
				6B8325F8296E35D0007D60ED /* PBXTargetDependency */,
			);
			name = FilmsTests;
			productName = FilmsTests;
			productReference = 6B8325F6296E35D0007D60ED /* FilmsTests.xctest */;
			productType = "com.apple.product-type.bundle.unit-test";
		};
		6B8325FF296E35D0007D60ED /* FilmsUITests */ = {
			isa = PBXNativeTarget;
			buildConfigurationList = 6B832610296E35D0007D60ED /* Build configuration list for PBXNativeTarget "FilmsUITests" */;
			buildPhases = (
				6DA3856906D4DA7BB5E0AED7 /* [CP] Check Pods Manifest.lock */,
				6B8325FC296E35D0007D60ED /* Sources */,
				6B8325FD296E35D0007D60ED /* Frameworks */,
				6B8325FE296E35D0007D60ED /* Resources */,
				AD4C16386D569185A33BD002 /* [CP] Embed Pods Frameworks */,
			);
			buildRules = (
			);
			dependencies = (
				6B832602296E35D0007D60ED /* PBXTargetDependency */,
			);
			name = FilmsUITests;
			productName = FilmsUITests;
			productReference = 6B832600296E35D0007D60ED /* FilmsUITests.xctest */;
			productType = "com.apple.product-type.bundle.ui-testing";
		};
/* End PBXNativeTarget section */

/* Begin PBXProject section */
		6B8325D5296E35CD007D60ED /* Project object */ = {
			isa = PBXProject;
			attributes = {
				BuildIndependentTargetsInParallel = 1;
				LastSwiftUpdateCheck = 1420;
				LastUpgradeCheck = 1420;
				TargetAttributes = {
					6B8325DC296E35CD007D60ED = {
						CreatedOnToolsVersion = 14.2;
					};
					6B8325F5296E35D0007D60ED = {
						CreatedOnToolsVersion = 14.2;
						TestTargetID = 6B8325DC296E35CD007D60ED;
					};
					6B8325FF296E35D0007D60ED = {
						CreatedOnToolsVersion = 14.2;
						TestTargetID = 6B8325DC296E35CD007D60ED;
					};
				};
			};
			buildConfigurationList = 6B8325D8296E35CD007D60ED /* Build configuration list for PBXProject "Films" */;
			compatibilityVersion = "Xcode 13.0";
			developmentRegion = en;
			hasScannedForEncodings = 0;
			knownRegions = (
				en,
				Base,
			);
			mainGroup = 6B8325D4296E35CD007D60ED;
			productRefGroup = 6B8325DE296E35CD007D60ED /* Products */;
			projectDirPath = "";
			projectRoot = "";
			targets = (
				6B8325DC296E35CD007D60ED /* Films */,
				6B8325F5296E35D0007D60ED /* FilmsTests */,
				6B8325FF296E35D0007D60ED /* FilmsUITests */,
			);
		};
/* End PBXProject section */

/* Begin PBXResourcesBuildPhase section */
		6B8325DB296E35CD007D60ED /* Resources */ = {
			isa = PBXResourcesBuildPhase;
			buildActionMask = 2147483647;
			files = (
				6B8325F0296E35D0007D60ED /* LaunchScreen.storyboard in Resources */,
				6B832614296E366E007D60ED /* GoogleService-Info.plist in Resources */,
				6B8325ED296E35D0007D60ED /* Assets.xcassets in Resources */,
			);
			runOnlyForDeploymentPostprocessing = 0;
		};
		6B8325F4296E35D0007D60ED /* Resources */ = {
			isa = PBXResourcesBuildPhase;
			buildActionMask = 2147483647;
			files = (
			);
			runOnlyForDeploymentPostprocessing = 0;
		};
		6B8325FE296E35D0007D60ED /* Resources */ = {
			isa = PBXResourcesBuildPhase;
			buildActionMask = 2147483647;
			files = (
			);
			runOnlyForDeploymentPostprocessing = 0;
		};
/* End PBXResourcesBuildPhase section */

/* Begin PBXShellScriptBuildPhase section */
		6DA3856906D4DA7BB5E0AED7 /* [CP] Check Pods Manifest.lock */ = {
			isa = PBXShellScriptBuildPhase;
			buildActionMask = 2147483647;
			files = (
			);
			inputFileListPaths = (
			);
			inputPaths = (
				"${PODS_PODFILE_DIR_PATH}/Podfile.lock",
				"${PODS_ROOT}/Manifest.lock",
			);
			name = "[CP] Check Pods Manifest.lock";
			outputFileListPaths = (
			);
			outputPaths = (
				"$(DERIVED_FILE_DIR)/Pods-Films-FilmsUITests-checkManifestLockResult.txt",
			);
			runOnlyForDeploymentPostprocessing = 0;
			shellPath = /bin/sh;
			shellScript = "diff \"${PODS_PODFILE_DIR_PATH}/Podfile.lock\" \"${PODS_ROOT}/Manifest.lock\" > /dev/null\nif [ $? != 0 ] ; then\n    # print error to STDERR\n    echo \"error: The sandbox is not in sync with the Podfile.lock. Run 'pod install' or update your CocoaPods installation.\" >&2\n    exit 1\nfi\n# This output is used by Xcode 'outputs' to avoid re-running this script phase.\necho \"SUCCESS\" > \"${SCRIPT_OUTPUT_FILE_0}\"\n";
			showEnvVarsInLog = 0;
		};
		9421F8B27C31BE1427CBF749 /* [CP] Check Pods Manifest.lock */ = {
			isa = PBXShellScriptBuildPhase;
			buildActionMask = 2147483647;
			files = (
			);
			inputFileListPaths = (
			);
			inputPaths = (
				"${PODS_PODFILE_DIR_PATH}/Podfile.lock",
				"${PODS_ROOT}/Manifest.lock",
			);
			name = "[CP] Check Pods Manifest.lock";
			outputFileListPaths = (
			);
			outputPaths = (
				"$(DERIVED_FILE_DIR)/Pods-Films-checkManifestLockResult.txt",
			);
			runOnlyForDeploymentPostprocessing = 0;
			shellPath = /bin/sh;
			shellScript = "diff \"${PODS_PODFILE_DIR_PATH}/Podfile.lock\" \"${PODS_ROOT}/Manifest.lock\" > /dev/null\nif [ $? != 0 ] ; then\n    # print error to STDERR\n    echo \"error: The sandbox is not in sync with the Podfile.lock. Run 'pod install' or update your CocoaPods installation.\" >&2\n    exit 1\nfi\n# This output is used by Xcode 'outputs' to avoid re-running this script phase.\necho \"SUCCESS\" > \"${SCRIPT_OUTPUT_FILE_0}\"\n";
			showEnvVarsInLog = 0;
		};
		AD4C16386D569185A33BD002 /* [CP] Embed Pods Frameworks */ = {
			isa = PBXShellScriptBuildPhase;
			buildActionMask = 2147483647;
			files = (
			);
			inputFileListPaths = (
				"${PODS_ROOT}/Target Support Files/Pods-Films-FilmsUITests/Pods-Films-FilmsUITests-frameworks-${CONFIGURATION}-input-files.xcfilelist",
			);
			name = "[CP] Embed Pods Frameworks";
			outputFileListPaths = (
				"${PODS_ROOT}/Target Support Files/Pods-Films-FilmsUITests/Pods-Films-FilmsUITests-frameworks-${CONFIGURATION}-output-files.xcfilelist",
			);
			runOnlyForDeploymentPostprocessing = 0;
			shellPath = /bin/sh;
			shellScript = "\"${PODS_ROOT}/Target Support Files/Pods-Films-FilmsUITests/Pods-Films-FilmsUITests-frameworks.sh\"\n";
			showEnvVarsInLog = 0;
		};
		C43EF0D69AC49572C06D7D44 /* [CP] Embed Pods Frameworks */ = {
			isa = PBXShellScriptBuildPhase;
			buildActionMask = 2147483647;
			files = (
			);
			inputFileListPaths = (
				"${PODS_ROOT}/Target Support Files/Pods-Films/Pods-Films-frameworks-${CONFIGURATION}-input-files.xcfilelist",
			);
			name = "[CP] Embed Pods Frameworks";
			outputFileListPaths = (
				"${PODS_ROOT}/Target Support Files/Pods-Films/Pods-Films-frameworks-${CONFIGURATION}-output-files.xcfilelist",
			);
			runOnlyForDeploymentPostprocessing = 0;
			shellPath = /bin/sh;
			shellScript = "\"${PODS_ROOT}/Target Support Files/Pods-Films/Pods-Films-frameworks.sh\"\n";
			showEnvVarsInLog = 0;
		};
		EF68988D966D89E0BF333190 /* [CP] Check Pods Manifest.lock */ = {
			isa = PBXShellScriptBuildPhase;
			buildActionMask = 2147483647;
			files = (
			);
			inputFileListPaths = (
			);
			inputPaths = (
				"${PODS_PODFILE_DIR_PATH}/Podfile.lock",
				"${PODS_ROOT}/Manifest.lock",
			);
			name = "[CP] Check Pods Manifest.lock";
			outputFileListPaths = (
			);
			outputPaths = (
				"$(DERIVED_FILE_DIR)/Pods-FilmsTests-checkManifestLockResult.txt",
			);
			runOnlyForDeploymentPostprocessing = 0;
			shellPath = /bin/sh;
			shellScript = "diff \"${PODS_PODFILE_DIR_PATH}/Podfile.lock\" \"${PODS_ROOT}/Manifest.lock\" > /dev/null\nif [ $? != 0 ] ; then\n    # print error to STDERR\n    echo \"error: The sandbox is not in sync with the Podfile.lock. Run 'pod install' or update your CocoaPods installation.\" >&2\n    exit 1\nfi\n# This output is used by Xcode 'outputs' to avoid re-running this script phase.\necho \"SUCCESS\" > \"${SCRIPT_OUTPUT_FILE_0}\"\n";
			showEnvVarsInLog = 0;
		};
/* End PBXShellScriptBuildPhase section */

/* Begin PBXSourcesBuildPhase section */
		6B8325D9296E35CD007D60ED /* Sources */ = {
			isa = PBXSourcesBuildPhase;
			buildActionMask = 2147483647;
			files = (
				0E0B416E2991A92700A2E7A3 /* LoginViewController.swift in Sources */,
				0E0B40E12978BBA700A2E7A3 /* UserManager.swift in Sources */,
				0E0B40DF2974EEA800A2E7A3 /* UserBusiness.swift in Sources */,
				0E0B41692991A87A00A2E7A3 /* Coordinator.swift in Sources */,
				6B8325E5296E35CD007D60ED /* ViewController.swift in Sources */,
				0E0B416B2991A8AA00A2E7A3 /* LoginCoordinator.swift in Sources */,
				6B8325EB296E35CD007D60ED /* Films.xcdatamodeld in Sources */,
				6B8325E1296E35CD007D60ED /* AppDelegate.swift in Sources */,
				6B8325E3296E35CD007D60ED /* SceneDelegate.swift in Sources */,
				0E0B40DD2974EBC700A2E7A3 /* Constants.swift in Sources */,
				0E0B41702991AB6300A2E7A3 /* LoginView.swift in Sources */,
				6B83261E296E3AD4007D60ED /* UserModel.swift in Sources */,
				6B83261B296E3A50007D60ED /* UserProvider.swift in Sources */,
			);
			runOnlyForDeploymentPostprocessing = 0;
		};
		6B8325F2296E35D0007D60ED /* Sources */ = {
			isa = PBXSourcesBuildPhase;
			buildActionMask = 2147483647;
			files = (
				6B8325FB296E35D0007D60ED /* FilmsTests.swift in Sources */,
			);
			runOnlyForDeploymentPostprocessing = 0;
		};
		6B8325FC296E35D0007D60ED /* Sources */ = {
			isa = PBXSourcesBuildPhase;
			buildActionMask = 2147483647;
			files = (
				6B832607296E35D0007D60ED /* FilmsUITestsLaunchTests.swift in Sources */,
				6B832605296E35D0007D60ED /* FilmsUITests.swift in Sources */,
			);
			runOnlyForDeploymentPostprocessing = 0;
		};
/* End PBXSourcesBuildPhase section */

/* Begin PBXTargetDependency section */
		6B8325F8296E35D0007D60ED /* PBXTargetDependency */ = {
			isa = PBXTargetDependency;
			target = 6B8325DC296E35CD007D60ED /* Films */;
			targetProxy = 6B8325F7296E35D0007D60ED /* PBXContainerItemProxy */;
		};
		6B832602296E35D0007D60ED /* PBXTargetDependency */ = {
			isa = PBXTargetDependency;
			target = 6B8325DC296E35CD007D60ED /* Films */;
			targetProxy = 6B832601296E35D0007D60ED /* PBXContainerItemProxy */;
		};
/* End PBXTargetDependency section */

/* Begin PBXVariantGroup section */
		6B8325EE296E35D0007D60ED /* LaunchScreen.storyboard */ = {
			isa = PBXVariantGroup;
			children = (
				6B8325EF296E35D0007D60ED /* Base */,
			);
			name = LaunchScreen.storyboard;
			sourceTree = "<group>";
		};
/* End PBXVariantGroup section */

/* Begin XCBuildConfiguration section */
		6B832608296E35D0007D60ED /* Debug */ = {
			isa = XCBuildConfiguration;
			buildSettings = {
				ALWAYS_SEARCH_USER_PATHS = NO;
				CLANG_ANALYZER_NONNULL = YES;
				CLANG_ANALYZER_NUMBER_OBJECT_CONVERSION = YES_AGGRESSIVE;
				CLANG_CXX_LANGUAGE_STANDARD = "gnu++20";
				CLANG_ENABLE_MODULES = YES;
				CLANG_ENABLE_OBJC_ARC = YES;
				CLANG_ENABLE_OBJC_WEAK = YES;
				CLANG_WARN_BLOCK_CAPTURE_AUTORELEASING = YES;
				CLANG_WARN_BOOL_CONVERSION = YES;
				CLANG_WARN_COMMA = YES;
				CLANG_WARN_CONSTANT_CONVERSION = YES;
				CLANG_WARN_DEPRECATED_OBJC_IMPLEMENTATIONS = YES;
				CLANG_WARN_DIRECT_OBJC_ISA_USAGE = YES_ERROR;
				CLANG_WARN_DOCUMENTATION_COMMENTS = YES;
				CLANG_WARN_EMPTY_BODY = YES;
				CLANG_WARN_ENUM_CONVERSION = YES;
				CLANG_WARN_INFINITE_RECURSION = YES;
				CLANG_WARN_INT_CONVERSION = YES;
				CLANG_WARN_NON_LITERAL_NULL_CONVERSION = YES;
				CLANG_WARN_OBJC_IMPLICIT_RETAIN_SELF = YES;
				CLANG_WARN_OBJC_LITERAL_CONVERSION = YES;
				CLANG_WARN_OBJC_ROOT_CLASS = YES_ERROR;
				CLANG_WARN_QUOTED_INCLUDE_IN_FRAMEWORK_HEADER = YES;
				CLANG_WARN_RANGE_LOOP_ANALYSIS = YES;
				CLANG_WARN_STRICT_PROTOTYPES = YES;
				CLANG_WARN_SUSPICIOUS_MOVE = YES;
				CLANG_WARN_UNGUARDED_AVAILABILITY = YES_AGGRESSIVE;
				CLANG_WARN_UNREACHABLE_CODE = YES;
				CLANG_WARN__DUPLICATE_METHOD_MATCH = YES;
				COPY_PHASE_STRIP = NO;
				DEBUG_INFORMATION_FORMAT = dwarf;
				ENABLE_STRICT_OBJC_MSGSEND = YES;
				ENABLE_TESTABILITY = YES;
				GCC_C_LANGUAGE_STANDARD = gnu11;
				GCC_DYNAMIC_NO_PIC = NO;
				GCC_NO_COMMON_BLOCKS = YES;
				GCC_OPTIMIZATION_LEVEL = 0;
				GCC_PREPROCESSOR_DEFINITIONS = (
					"DEBUG=1",
					"$(inherited)",
				);
				GCC_WARN_64_TO_32_BIT_CONVERSION = YES;
				GCC_WARN_ABOUT_RETURN_TYPE = YES_ERROR;
				GCC_WARN_UNDECLARED_SELECTOR = YES;
				GCC_WARN_UNINITIALIZED_AUTOS = YES_AGGRESSIVE;
				GCC_WARN_UNUSED_FUNCTION = YES;
				GCC_WARN_UNUSED_VARIABLE = YES;
				IPHONEOS_DEPLOYMENT_TARGET = 16.2;
				MTL_ENABLE_DEBUG_INFO = INCLUDE_SOURCE;
				MTL_FAST_MATH = YES;
				ONLY_ACTIVE_ARCH = YES;
				SDKROOT = iphoneos;
				SWIFT_ACTIVE_COMPILATION_CONDITIONS = DEBUG;
				SWIFT_OPTIMIZATION_LEVEL = "-Onone";
			};
			name = Debug;
		};
		6B832609296E35D0007D60ED /* Release */ = {
			isa = XCBuildConfiguration;
			buildSettings = {
				ALWAYS_SEARCH_USER_PATHS = NO;
				CLANG_ANALYZER_NONNULL = YES;
				CLANG_ANALYZER_NUMBER_OBJECT_CONVERSION = YES_AGGRESSIVE;
				CLANG_CXX_LANGUAGE_STANDARD = "gnu++20";
				CLANG_ENABLE_MODULES = YES;
				CLANG_ENABLE_OBJC_ARC = YES;
				CLANG_ENABLE_OBJC_WEAK = YES;
				CLANG_WARN_BLOCK_CAPTURE_AUTORELEASING = YES;
				CLANG_WARN_BOOL_CONVERSION = YES;
				CLANG_WARN_COMMA = YES;
				CLANG_WARN_CONSTANT_CONVERSION = YES;
				CLANG_WARN_DEPRECATED_OBJC_IMPLEMENTATIONS = YES;
				CLANG_WARN_DIRECT_OBJC_ISA_USAGE = YES_ERROR;
				CLANG_WARN_DOCUMENTATION_COMMENTS = YES;
				CLANG_WARN_EMPTY_BODY = YES;
				CLANG_WARN_ENUM_CONVERSION = YES;
				CLANG_WARN_INFINITE_RECURSION = YES;
				CLANG_WARN_INT_CONVERSION = YES;
				CLANG_WARN_NON_LITERAL_NULL_CONVERSION = YES;
				CLANG_WARN_OBJC_IMPLICIT_RETAIN_SELF = YES;
				CLANG_WARN_OBJC_LITERAL_CONVERSION = YES;
				CLANG_WARN_OBJC_ROOT_CLASS = YES_ERROR;
				CLANG_WARN_QUOTED_INCLUDE_IN_FRAMEWORK_HEADER = YES;
				CLANG_WARN_RANGE_LOOP_ANALYSIS = YES;
				CLANG_WARN_STRICT_PROTOTYPES = YES;
				CLANG_WARN_SUSPICIOUS_MOVE = YES;
				CLANG_WARN_UNGUARDED_AVAILABILITY = YES_AGGRESSIVE;
				CLANG_WARN_UNREACHABLE_CODE = YES;
				CLANG_WARN__DUPLICATE_METHOD_MATCH = YES;
				COPY_PHASE_STRIP = NO;
				DEBUG_INFORMATION_FORMAT = "dwarf-with-dsym";
				ENABLE_NS_ASSERTIONS = NO;
				ENABLE_STRICT_OBJC_MSGSEND = YES;
				GCC_C_LANGUAGE_STANDARD = gnu11;
				GCC_NO_COMMON_BLOCKS = YES;
				GCC_WARN_64_TO_32_BIT_CONVERSION = YES;
				GCC_WARN_ABOUT_RETURN_TYPE = YES_ERROR;
				GCC_WARN_UNDECLARED_SELECTOR = YES;
				GCC_WARN_UNINITIALIZED_AUTOS = YES_AGGRESSIVE;
				GCC_WARN_UNUSED_FUNCTION = YES;
				GCC_WARN_UNUSED_VARIABLE = YES;
				IPHONEOS_DEPLOYMENT_TARGET = 16.2;
				MTL_ENABLE_DEBUG_INFO = NO;
				MTL_FAST_MATH = YES;
				SDKROOT = iphoneos;
				SWIFT_COMPILATION_MODE = wholemodule;
				SWIFT_OPTIMIZATION_LEVEL = "-O";
				VALIDATE_PRODUCT = YES;
			};
			name = Release;
		};
		6B83260B296E35D0007D60ED /* Debug */ = {
			isa = XCBuildConfiguration;
			baseConfigurationReference = EFA475414533EF6DA161B87E /* Pods-Films.debug.xcconfig */;
			buildSettings = {
				ASSETCATALOG_COMPILER_APPICON_NAME = AppIcon;
				ASSETCATALOG_COMPILER_GLOBAL_ACCENT_COLOR_NAME = AccentColor;
				CODE_SIGN_STYLE = Automatic;
				CURRENT_PROJECT_VERSION = 1;
				GENERATE_INFOPLIST_FILE = YES;
				INFOPLIST_FILE = Films/Info.plist;
				INFOPLIST_KEY_UIApplicationSupportsIndirectInputEvents = YES;
				INFOPLIST_KEY_UILaunchStoryboardName = LaunchScreen;
				INFOPLIST_KEY_UISupportedInterfaceOrientations_iPad = "UIInterfaceOrientationPortrait UIInterfaceOrientationPortraitUpsideDown UIInterfaceOrientationLandscapeLeft UIInterfaceOrientationLandscapeRight";
				INFOPLIST_KEY_UISupportedInterfaceOrientations_iPhone = "UIInterfaceOrientationPortrait UIInterfaceOrientationLandscapeLeft UIInterfaceOrientationLandscapeRight";
				IPHONEOS_DEPLOYMENT_TARGET = 13.6;
				LD_RUNPATH_SEARCH_PATHS = (
					"$(inherited)",
					"@executable_path/Frameworks",
				);
				MARKETING_VERSION = 1.0;
				PRODUCT_BUNDLE_IDENTIFIER = none.Films;
				PRODUCT_NAME = "$(TARGET_NAME)";
				SWIFT_EMIT_LOC_STRINGS = YES;
				SWIFT_VERSION = 5.0;
				TARGETED_DEVICE_FAMILY = "1,2";
			};
			name = Debug;
		};
		6B83260C296E35D0007D60ED /* Release */ = {
			isa = XCBuildConfiguration;
			baseConfigurationReference = 6FA02197214B9507B5A3CBD4 /* Pods-Films.release.xcconfig */;
			buildSettings = {
				ASSETCATALOG_COMPILER_APPICON_NAME = AppIcon;
				ASSETCATALOG_COMPILER_GLOBAL_ACCENT_COLOR_NAME = AccentColor;
				CODE_SIGN_STYLE = Automatic;
				CURRENT_PROJECT_VERSION = 1;
				GENERATE_INFOPLIST_FILE = YES;
				INFOPLIST_FILE = Films/Info.plist;
				INFOPLIST_KEY_UIApplicationSupportsIndirectInputEvents = YES;
				INFOPLIST_KEY_UILaunchStoryboardName = LaunchScreen;
				INFOPLIST_KEY_UISupportedInterfaceOrientations_iPad = "UIInterfaceOrientationPortrait UIInterfaceOrientationPortraitUpsideDown UIInterfaceOrientationLandscapeLeft UIInterfaceOrientationLandscapeRight";
				INFOPLIST_KEY_UISupportedInterfaceOrientations_iPhone = "UIInterfaceOrientationPortrait UIInterfaceOrientationLandscapeLeft UIInterfaceOrientationLandscapeRight";
				IPHONEOS_DEPLOYMENT_TARGET = 13.6;
				LD_RUNPATH_SEARCH_PATHS = (
					"$(inherited)",
					"@executable_path/Frameworks",
				);
				MARKETING_VERSION = 1.0;
				PRODUCT_BUNDLE_IDENTIFIER = none.Films;
				PRODUCT_NAME = "$(TARGET_NAME)";
				SWIFT_EMIT_LOC_STRINGS = YES;
				SWIFT_VERSION = 5.0;
				TARGETED_DEVICE_FAMILY = "1,2";
			};
			name = Release;
		};
		6B83260E296E35D0007D60ED /* Debug */ = {
			isa = XCBuildConfiguration;
			baseConfigurationReference = 6A15CE07FF46C830947262CF /* Pods-FilmsTests.debug.xcconfig */;
			buildSettings = {
				ALWAYS_EMBED_SWIFT_STANDARD_LIBRARIES = YES;
				BUNDLE_LOADER = "$(TEST_HOST)";
				CODE_SIGN_STYLE = Automatic;
				CURRENT_PROJECT_VERSION = 1;
				GENERATE_INFOPLIST_FILE = YES;
				IPHONEOS_DEPLOYMENT_TARGET = 16.2;
				MARKETING_VERSION = 1.0;
				PRODUCT_BUNDLE_IDENTIFIER = none.FilmsTests;
				PRODUCT_NAME = "$(TARGET_NAME)";
				SWIFT_EMIT_LOC_STRINGS = NO;
				SWIFT_VERSION = 5.0;
				TARGETED_DEVICE_FAMILY = "1,2";
				TEST_HOST = "$(BUILT_PRODUCTS_DIR)/Films.app/$(BUNDLE_EXECUTABLE_FOLDER_PATH)/Films";
			};
			name = Debug;
		};
		6B83260F296E35D0007D60ED /* Release */ = {
			isa = XCBuildConfiguration;
			baseConfigurationReference = 2CDFF5A3A211396DD135CAB9 /* Pods-FilmsTests.release.xcconfig */;
			buildSettings = {
				ALWAYS_EMBED_SWIFT_STANDARD_LIBRARIES = YES;
				BUNDLE_LOADER = "$(TEST_HOST)";
				CODE_SIGN_STYLE = Automatic;
				CURRENT_PROJECT_VERSION = 1;
				GENERATE_INFOPLIST_FILE = YES;
				IPHONEOS_DEPLOYMENT_TARGET = 16.2;
				MARKETING_VERSION = 1.0;
				PRODUCT_BUNDLE_IDENTIFIER = none.FilmsTests;
				PRODUCT_NAME = "$(TARGET_NAME)";
				SWIFT_EMIT_LOC_STRINGS = NO;
				SWIFT_VERSION = 5.0;
				TARGETED_DEVICE_FAMILY = "1,2";
				TEST_HOST = "$(BUILT_PRODUCTS_DIR)/Films.app/$(BUNDLE_EXECUTABLE_FOLDER_PATH)/Films";
			};
			name = Release;
		};
		6B832611296E35D0007D60ED /* Debug */ = {
			isa = XCBuildConfiguration;
			baseConfigurationReference = 52E2225E1C173CB8B1DCC8DB /* Pods-Films-FilmsUITests.debug.xcconfig */;
			buildSettings = {
				ALWAYS_EMBED_SWIFT_STANDARD_LIBRARIES = YES;
				CODE_SIGN_STYLE = Automatic;
				CURRENT_PROJECT_VERSION = 1;
				GENERATE_INFOPLIST_FILE = YES;
				MARKETING_VERSION = 1.0;
				PRODUCT_BUNDLE_IDENTIFIER = none.FilmsUITests;
				PRODUCT_NAME = "$(TARGET_NAME)";
				SWIFT_EMIT_LOC_STRINGS = NO;
				SWIFT_VERSION = 5.0;
				TARGETED_DEVICE_FAMILY = "1,2";
				TEST_TARGET_NAME = Films;
			};
			name = Debug;
		};
		6B832612296E35D0007D60ED /* Release */ = {
			isa = XCBuildConfiguration;
			baseConfigurationReference = 6083639DC6E133CD7B3473AB /* Pods-Films-FilmsUITests.release.xcconfig */;
			buildSettings = {
				ALWAYS_EMBED_SWIFT_STANDARD_LIBRARIES = YES;
				CODE_SIGN_STYLE = Automatic;
				CURRENT_PROJECT_VERSION = 1;
				GENERATE_INFOPLIST_FILE = YES;
				MARKETING_VERSION = 1.0;
				PRODUCT_BUNDLE_IDENTIFIER = none.FilmsUITests;
				PRODUCT_NAME = "$(TARGET_NAME)";
				SWIFT_EMIT_LOC_STRINGS = NO;
				SWIFT_VERSION = 5.0;
				TARGETED_DEVICE_FAMILY = "1,2";
				TEST_TARGET_NAME = Films;
			};
			name = Release;
		};
/* End XCBuildConfiguration section */

/* Begin XCConfigurationList section */
		6B8325D8296E35CD007D60ED /* Build configuration list for PBXProject "Films" */ = {
			isa = XCConfigurationList;
			buildConfigurations = (
				6B832608296E35D0007D60ED /* Debug */,
				6B832609296E35D0007D60ED /* Release */,
			);
			defaultConfigurationIsVisible = 0;
			defaultConfigurationName = Release;
		};
		6B83260A296E35D0007D60ED /* Build configuration list for PBXNativeTarget "Films" */ = {
			isa = XCConfigurationList;
			buildConfigurations = (
				6B83260B296E35D0007D60ED /* Debug */,
				6B83260C296E35D0007D60ED /* Release */,
			);
			defaultConfigurationIsVisible = 0;
			defaultConfigurationName = Release;
		};
		6B83260D296E35D0007D60ED /* Build configuration list for PBXNativeTarget "FilmsTests" */ = {
			isa = XCConfigurationList;
			buildConfigurations = (
				6B83260E296E35D0007D60ED /* Debug */,
				6B83260F296E35D0007D60ED /* Release */,
			);
			defaultConfigurationIsVisible = 0;
			defaultConfigurationName = Release;
		};
		6B832610296E35D0007D60ED /* Build configuration list for PBXNativeTarget "FilmsUITests" */ = {
			isa = XCConfigurationList;
			buildConfigurations = (
				6B832611296E35D0007D60ED /* Debug */,
				6B832612296E35D0007D60ED /* Release */,
			);
			defaultConfigurationIsVisible = 0;
			defaultConfigurationName = Release;
		};
/* End XCConfigurationList section */

/* Begin XCVersionGroup section */
		6B8325E9296E35CD007D60ED /* Films.xcdatamodeld */ = {
			isa = XCVersionGroup;
			children = (
				6B8325EA296E35CD007D60ED /* Films.xcdatamodel */,
			);
			currentVersion = 6B8325EA296E35CD007D60ED /* Films.xcdatamodel */;
			path = Films.xcdatamodeld;
			sourceTree = "<group>";
			versionGroupType = wrapper.xcdatamodel;
		};
/* End XCVersionGroup section */
	};
	rootObject = 6B8325D5296E35CD007D60ED /* Project object */;
}
